
Microsoft Visual Studio Solution File, Format Version 12.00
Project("{FAE04EC0-301F-11D3-BF4B-00C04F79EFBC}") = "Email", "Email\Email.csproj", "{FF94F7DE-F9DA-4B23-A43C-F1CDC078DD5D}"
EndProject
Project("{2150E333-8FDC-42A3-9474-1A3956D46DE8}") = "Solution Items", "Solution Items", "{8E4DB423-19E6-436A-BBF2-D810D1D6C429}"
	ProjectSection(SolutionItems) = preProject
		docker-compose.yml = docker-compose.yml
	EndProjectSection
EndProject
Project("{FAE04EC0-301F-11D3-BF4B-00C04F79EFBC}") = "Order", "Order\Order.csproj", "{FF83CE81-2208-4387-8D54-BB8ABAF7B797}"
EndProject
Global
	GlobalSection(SolutionConfigurationPlatforms) = preSolution
		Debug|Any CPU = Debug|Any CPU
		Release|Any CPU = Release|Any CPU
	EndGlobalSection
	GlobalSection(ProjectConfigurationPlatforms) = postSolution
		{FF94F7DE-F9DA-4B23-A43C-F1CDC078DD5D}.Debug|Any CPU.ActiveCfg = Debug|Any CPU
		{FF94F7DE-F9DA-4B23-A43C-F1CDC078DD5D}.Debug|Any CPU.Build.0 = Debug|Any CPU
		{FF94F7DE-F9DA-4B23-A43C-F1CDC078DD5D}.Release|Any CPU.ActiveCfg = Release|Any CPU
		{FF94F7DE-F9DA-4B23-A43C-F1CDC078DD5D}.Release|Any CPU.Build.0 = Release|Any CPU
		{FF83CE81-2208-4387-8D54-BB8ABAF7B797}.Debug|Any CPU.ActiveCfg = Debug|Any CPU
		{FF83CE81-2208-4387-8D54-BB8ABAF7B797}.Debug|Any CPU.Build.0 = Debug|Any CPU
		{FF83CE81-2208-4387-8D54-BB8ABAF7B797}.Release|Any CPU.ActiveCfg = Release|Any CPU
		{FF83CE81-2208-4387-8D54-BB8ABAF7B797}.Release|Any CPU.Build.0 = Release|Any CPU
	EndGlobalSection
EndGlobal
